
Microsoft Visual Studio Solution File, Format Version 12.00
# Visual Studio 15
VisualStudioVersion = 15.0.28307.168
MinimumVisualStudioVersion = 10.0.40219.1
Project("{9A19103F-16F7-4668-BE54-9A1E7A4F7556}") = "Xf.MvcTag", "Xf.MvcTag\Xf.MvcTag.csproj", "{E24AFF89-80C6-4EEC-A19C-46523634DC48}"
EndProject
Project("{FAE04EC0-301F-11D3-BF4B-00C04F79EFBC}") = "Xf.MvcTag.Simple", "Xf.MvcTag.Simple\Xf.MvcTag.Simple.csproj", "{9D1D5D9E-DB52-4617-A6FD-18A7CAC16946}"
EndProject
Global
	GlobalSection(SolutionConfigurationPlatforms) = preSolution
		Debug|Any CPU = Debug|Any CPU
		Release|Any CPU = Release|Any CPU
	EndGlobalSection
	GlobalSection(ProjectConfigurationPlatforms) = postSolution
		{E24AFF89-80C6-4EEC-A19C-46523634DC48}.Debug|Any CPU.ActiveCfg = Debug|Any CPU
		{E24AFF89-80C6-4EEC-A19C-46523634DC48}.Debug|Any CPU.Build.0 = Debug|Any CPU
		{E24AFF89-80C6-4EEC-A19C-46523634DC48}.Release|Any CPU.ActiveCfg = Release|Any CPU
		{E24AFF89-80C6-4EEC-A19C-46523634DC48}.Release|Any CPU.Build.0 = Release|Any CPU
		{9D1D5D9E-DB52-4617-A6FD-18A7CAC16946}.Debug|Any CPU.ActiveCfg = Debug|Any CPU
		{9D1D5D9E-DB52-4617-A6FD-18A7CAC16946}.Debug|Any CPU.Build.0 = Debug|Any CPU
		{9D1D5D9E-DB52-4617-A6FD-18A7CAC16946}.Release|Any CPU.ActiveCfg = Release|Any CPU
		{9D1D5D9E-DB52-4617-A6FD-18A7CAC16946}.Release|Any CPU.Build.0 = Release|Any CPU
	EndGlobalSection
	GlobalSection(SolutionProperties) = preSolution
		HideSolutionNode = FALSE
	EndGlobalSection
	GlobalSection(ExtensibilityGlobals) = postSolution
		SolutionGuid = {4DC80264-685E-4DD4-9BFD-0307C7005288}
	EndGlobalSection
EndGlobal
